
Microsoft Visual Studio Solution File, Format Version 12.00
# Visual Studio Version 16
VisualStudioVersion = 16.0.31911.196
MinimumVisualStudioVersion = 10.0.40219.1
Project("{9A19103F-16F7-4668-BE54-9A1E7A4F7556}") = "Proje", "Proje\Proje.csproj", "{DDBF0E1F-4F42-41AE-B03C-60FAFAC4F3DC}"
EndProject
Project("{9A19103F-16F7-4668-BE54-9A1E7A4F7556}") = "EntityLayer", "EntityLayer\EntityLayer.csproj", "{79D117F0-82D8-4073-94B8-7B313450908F}"
EndProject
Project("{9A19103F-16F7-4668-BE54-9A1E7A4F7556}") = "BusinessLayer", "BusinessLayer\BusinessLayer.csproj", "{56595D60-9D5E-48D6-9E17-1024733B55D1}"
EndProject
Project("{9A19103F-16F7-4668-BE54-9A1E7A4F7556}") = "DataAccessLayer", "DataAccessLayer\DataAccessLayer.csproj", "{3150CF68-4974-4451-A0DD-4C43DF29200A}"
EndProject
Project("{9A19103F-16F7-4668-BE54-9A1E7A4F7556}") = "CoreLayer", "CoreLayer\CoreLayer.csproj", "{AEDBEF1B-AEC6-4A94-A7E5-38F661E7B42E}"
EndProject
Global
	GlobalSection(SolutionConfigurationPlatforms) = preSolution
		Debug|Any CPU = Debug|Any CPU
		Release|Any CPU = Release|Any CPU
	EndGlobalSection
	GlobalSection(ProjectConfigurationPlatforms) = postSolution
		{DDBF0E1F-4F42-41AE-B03C-60FAFAC4F3DC}.Debug|Any CPU.ActiveCfg = Debug|Any CPU
		{DDBF0E1F-4F42-41AE-B03C-60FAFAC4F3DC}.Debug|Any CPU.Build.0 = Debug|Any CPU
		{DDBF0E1F-4F42-41AE-B03C-60FAFAC4F3DC}.Release|Any CPU.ActiveCfg = Release|Any CPU
		{DDBF0E1F-4F42-41AE-B03C-60FAFAC4F3DC}.Release|Any CPU.Build.0 = Release|Any CPU
		{79D117F0-82D8-4073-94B8-7B313450908F}.Debug|Any CPU.ActiveCfg = Debug|Any CPU
		{79D117F0-82D8-4073-94B8-7B313450908F}.Debug|Any CPU.Build.0 = Debug|Any CPU
		{79D117F0-82D8-4073-94B8-7B313450908F}.Release|Any CPU.ActiveCfg = Release|Any CPU
		{79D117F0-82D8-4073-94B8-7B313450908F}.Release|Any CPU.Build.0 = Release|Any CPU
		{56595D60-9D5E-48D6-9E17-1024733B55D1}.Debug|Any CPU.ActiveCfg = Debug|Any CPU
		{56595D60-9D5E-48D6-9E17-1024733B55D1}.Debug|Any CPU.Build.0 = Debug|Any CPU
		{56595D60-9D5E-48D6-9E17-1024733B55D1}.Release|Any CPU.ActiveCfg = Release|Any CPU
		{56595D60-9D5E-48D6-9E17-1024733B55D1}.Release|Any CPU.Build.0 = Release|Any CPU
		{3150CF68-4974-4451-A0DD-4C43DF29200A}.Debug|Any CPU.ActiveCfg = Debug|Any CPU
		{3150CF68-4974-4451-A0DD-4C43DF29200A}.Debug|Any CPU.Build.0 = Debug|Any CPU
		{3150CF68-4974-4451-A0DD-4C43DF29200A}.Release|Any CPU.ActiveCfg = Release|Any CPU
		{3150CF68-4974-4451-A0DD-4C43DF29200A}.Release|Any CPU.Build.0 = Release|Any CPU
		{AEDBEF1B-AEC6-4A94-A7E5-38F661E7B42E}.Debug|Any CPU.ActiveCfg = Debug|Any CPU
		{AEDBEF1B-AEC6-4A94-A7E5-38F661E7B42E}.Debug|Any CPU.Build.0 = Debug|Any CPU
		{AEDBEF1B-AEC6-4A94-A7E5-38F661E7B42E}.Release|Any CPU.ActiveCfg = Release|Any CPU
		{AEDBEF1B-AEC6-4A94-A7E5-38F661E7B42E}.Release|Any CPU.Build.0 = Release|Any CPU
	EndGlobalSection
	GlobalSection(SolutionProperties) = preSolution
		HideSolutionNode = FALSE
	EndGlobalSection
	GlobalSection(ExtensibilityGlobals) = postSolution
		SolutionGuid = {8FD79093-69C7-489B-8BED-8CF3FD525D82}
	EndGlobalSection
EndGlobal
